# This file was autogenerated by uv via the following command:
#    uv pip compile training/speech/requirements-evaluation.txt --generate-hashes --output-file training/speech/requirements-evaluation.lock
anyio==4.14.2 \
    --hash=sha256:9f505dda5ac9f0c8309b5e8bd445a8c2bf7246f3ce950121e45ea15bc41d1494 \
    --hash=sha256:cfa139f3ed1a23ee8f88a145ddb5ac7605b8bbfd8592baacd7ce3d8bb4313c7f
    # via httpx
certifi==2026.6.17 \
    --hash=sha256:024c88eeec92ca068db80f02b8b07c9cef7b9fe261d1d535abfd5abd6f6af432 \
    --hash=sha256:2227dcbaafe0d2f59279d1762ddddc37783ed4354594f194ffc31d20f41fc3db
    # via
    #   httpcore
    #   httpx
click==8.4.2 \
    --hash=sha256:9a6cea6e60b17ebe0a44c5cc636d94f09bd66142c1cd7d8b4cd731c4917a15f6 \
    --hash=sha256:e6f9f66136c816745b9d65817da91d61d957fb16e02e4dcd0552553c5a197b76
    # via jiwer
h11==0.16.0 \
    --hash=sha256:4e35b956cf45792e4caa5885e69fba00bdbc6ffafbfa020300e549b208ee5ff1 \
    --hash=sha256:63cf8bbe7522de3bf65932fda1d9c2772064ffb3dae62d55932da54b31cb6c86
    # via httpcore
httpcore==1.0.9 \
    --hash=sha256:2d400746a40668fc9dec9810239072b40b4484b640a8c38fd654a024c7a1bf55 \
    --hash=sha256:6e34463af53fd2ab5d807f399a9b45ea31c3dfa2276f15a2c3f00afff6e176e8
    # via httpx
httpx==0.28.1 \
    --hash=sha256:75e98c5f16b0f35b567856f597f06ff2270a374470a5c2392242528e3e3e42fc \
    --hash=sha256:d909fcccc110f8c7faf814ca82a9a4d816bc5a6dbfea25d6591d6985b8ba59ad
    # via -r training/speech/requirements-evaluation.txt
idna==3.18 \
    --hash=sha256:7f952cbe720b688055e3f87de14f5c3e5fdaa8bc3928985c4077ca689de849a2 \
    --hash=sha256:ffb385a7e039654cef1ab9ef32c6fafe283c0c0467bba1d9029738ce4a14a848
    # via
    #   anyio
    #   httpx
jiwer==4.0.0 \
    --hash=sha256:7efaf0bd336b095d99ddef9dd67e1ee829d75d58aa2a81d9639870b01d6d95ea \
    --hash=sha256:ae9c051469102a61ef0927100baeeb4546f78d180c9b0948281d08eaf44c191e
    # via -r training/speech/requirements-evaluation.txt
pyyaml==6.0.2 \
    --hash=sha256:01179a4a8559ab5de078078f37e5c1a30d76bb88519906844fd7bdea1b7729ff \
    --hash=sha256:0833f8694549e586547b576dcfaba4a6b55b9e96098b36cdc7ebefe667dfed48 \
    --hash=sha256:0a9a2848a5b7feac301353437eb7d5957887edbf81d56e903999a75a3d743086 \
    --hash=sha256:0b69e4ce7a131fe56b7e4d770c67429700908fc0752af059838b1cfb41960e4e \
    --hash=sha256:0ffe8360bab4910ef1b9e87fb812d8bc0a308b0d0eef8c8f44e0254ab3b07133 \
    --hash=sha256:11d8f3dd2b9c1207dcaf2ee0bbbfd5991f571186ec9cc78427ba5bd32afae4b5 \
    --hash=sha256:17e311b6c678207928d649faa7cb0d7b4c26a0ba73d41e99c4fff6b6c3276484 \
    --hash=sha256:1e2120ef853f59c7419231f3bf4e7021f1b936f6ebd222406c3b60212205d2ee \
    --hash=sha256:1f71ea527786de97d1a0cc0eacd1defc0985dcf6b3f17bb77dcfc8c34bec4dc5 \
    --hash=sha256:23502f431948090f597378482b4812b0caae32c22213aecf3b55325e049a6c68 \
    --hash=sha256:24471b829b3bf607e04e88d79542a9d48bb037c2267d7927a874e6c205ca7e9a \
    --hash=sha256:29717114e51c84ddfba879543fb232a6ed60086602313ca38cce623c1d62cfbf \
    --hash=sha256:2e99c6826ffa974fe6e27cdb5ed0021786b03fc98e5ee3c5bfe1fd5015f42b99 \
    --hash=sha256:39693e1f8320ae4f43943590b49779ffb98acb81f788220ea932a6b6c51004d8 \
    --hash=sha256:3ad2a3decf9aaba3d29c8f537ac4b243e36bef957511b4766cb0057d32b0be85 \
    --hash=sha256:3b1fdb9dc17f5a7677423d508ab4f243a726dea51fa5e70992e59a7411c89d19 \
    --hash=sha256:41e4e3953a79407c794916fa277a82531dd93aad34e29c2a514c2c0c5fe971cc \
    --hash=sha256:43fa96a3ca0d6b1812e01ced1044a003533c47f6ee8aca31724f78e93ccc089a \
    --hash=sha256:50187695423ffe49e2deacb8cd10510bc361faac997de9efef88badc3bb9e2d1 \
    --hash=sha256:5ac9328ec4831237bec75defaf839f7d4564be1e6b25ac710bd1a96321cc8317 \
    --hash=sha256:5d225db5a45f21e78dd9358e58a98702a0302f2659a3c6cd320564b75b86f47c \
    --hash=sha256:6395c297d42274772abc367baaa79683958044e5d3835486c16da75d2a694631 \
    --hash=sha256:688ba32a1cffef67fd2e9398a2efebaea461578b0923624778664cc1c914db5d \
    --hash=sha256:68ccc6023a3400877818152ad9a1033e3db8625d899c72eacb5a668902e4d652 \
    --hash=sha256:70b189594dbe54f75ab3a1acec5f1e3faa7e8cf2f1e08d9b561cb41b845f69d5 \
    --hash=sha256:797b4f722ffa07cc8d62053e4cff1486fa6dc094105d13fea7b1de7d8bf71c9e \
    --hash=sha256:7c36280e6fb8385e520936c3cb3b8042851904eba0e58d277dca80a5cfed590b \
    --hash=sha256:7e7401d0de89a9a855c839bc697c079a4af81cf878373abd7dc625847d25cbd8 \
    --hash=sha256:80bab7bfc629882493af4aa31a4cfa43a4c57c83813253626916b8c7ada83476 \
    --hash=sha256:82d09873e40955485746739bcb8b4586983670466c23382c19cffecbf1fd8706 \
    --hash=sha256:8388ee1976c416731879ac16da0aff3f63b286ffdd57cdeb95f3f2e085687563 \
    --hash=sha256:8824b5a04a04a047e72eea5cec3bc266db09e35de6bdfe34c9436ac5ee27d237 \
    --hash=sha256:8b9c7197f7cb2738065c481a0461e50ad02f18c78cd75775628afb4d7137fb3b \
    --hash=sha256:9056c1ecd25795207ad294bcf39f2db3d845767be0ea6e6a34d856f006006083 \
    --hash=sha256:936d68689298c36b53b29f23c6dbb74de12b4ac12ca6cfe0e047bedceea56180 \
    --hash=sha256:9b22676e8097e9e22e36d6b7bda33190d0d400f345f23d4065d48f4ca7ae0425 \
    --hash=sha256:a4d3091415f010369ae4ed1fc6b79def9416358877534caf6a0fdd2146c87a3e \
    --hash=sha256:a8786accb172bd8afb8be14490a16625cbc387036876ab6ba70912730faf8e1f \
    --hash=sha256:a9f8c2e67970f13b16084e04f134610fd1d374bf477b17ec1599185cf611d725 \
    --hash=sha256:bc2fa7c6b47d6bc618dd7fb02ef6fdedb1090ec036abab80d4681424b84c1183 \
    --hash=sha256:c70c95198c015b85feafc136515252a261a84561b7b1d51e3384e0655ddf25ab \
    --hash=sha256:cc1c1159b3d456576af7a3e4d1ba7e6924cb39de8f67111c735f6fc832082774 \
    --hash=sha256:ce826d6ef20b1bc864f0a68340c8b3287705cae2f8b4b1d932177dcc76721725 \
    --hash=sha256:d584d9ec91ad65861cc08d42e834324ef890a082e591037abe114850ff7bbc3e \
    --hash=sha256:d7fded462629cfa4b685c5416b949ebad6cec74af5e2d42905d41e257e0869f5 \
    --hash=sha256:d84a1718ee396f54f3a086ea0a66d8e552b2ab2017ef8b420e92edbc841c352d \
    --hash=sha256:d8e03406cac8513435335dbab54c0d385e4a49e4945d2909a581c83647ca0290 \
    --hash=sha256:e10ce637b18caea04431ce14fabcf5c64a1c61ec9c56b071a4b7ca131ca52d44 \
    --hash=sha256:ec031d5d2feb36d1d1a24380e4db6d43695f3748343d99434e6f5f9156aaa2ed \
    --hash=sha256:ef6107725bd54b262d6dedcc2af448a266975032bc85ef0172c5f059da6325b4 \
    --hash=sha256:efdca5630322a10774e8e98e1af481aad470dd62c3170801852d752aa7a783ba \
    --hash=sha256:f753120cb8181e736c57ef7636e83f31b9c0d1722c516f7e86cf15b7aa57ff12 \
    --hash=sha256:ff3824dc5261f50c9b0dfb3be22b4567a6f938ccce4587b38952d85fd9e9afe4
    # via -r training/speech/requirements-evaluation.txt
rapidfuzz==3.14.5 \
    --hash=sha256:0084b687b02b4e569b46d8d6d4ad25659528e6081cd6d067ca453a69035f07e4 \
    --hash=sha256:01550fe5f60fd176aa66b7611289d46dc4aa4b1b904874c7b6d1d54e581c5ec1 \
    --hash=sha256:0298d357e2bc59d572da4db0bc631009b6f8f6c9bc8c11e99a12b833f16b6575 \
    --hash=sha256:068b3e965ca9d9ee4debe40001ae7c3938ba646308afd33cf0c66618147db65c \
    --hash=sha256:071d96b957a33b9296b9284b6350a0fb6d030b154a04efd7c15e56b98b79a517 \
    --hash=sha256:09d6c9ba091854f07817055d795d604179c12a8f308ba4c7d56f3719dfea1646 \
    --hash=sha256:0d3378f471ef440473a396ce2f8e97ee12f89a78b495540e0a5617bbfe895638 \
    --hash=sha256:0ebd1a18e2e47bc0b292a07e6ed9c3642f8aaa672d12253885f599b50807a4f9 \
    --hash=sha256:0f23e37019ec07712d58976b1ab2b889f8649a7f7c2f626a2f34ea9139e79279 \
    --hash=sha256:11bfc2ed8fbe4ab86bd516fadefab126f90e6dcadffa761739fcb304707dfd35 \
    --hash=sha256:13cb79c23ef5516e4c4e3830877be8b19aa75203636be1163d690d37803f6504 \
    --hash=sha256:17a34330cd2a538c1ce5d400b61ba358c5b72c654b928ff87b362e88f8b864c7 \
    --hash=sha256:1a31cc6d7d03e7318a0974c038959c59e19c752b81115f2e9138b3331cd64d45 \
    --hash=sha256:1e910eebca9fd0eba245c0555e764597e8a0cccb673a92da2dc2397050725f48 \
    --hash=sha256:1e989f86113be66574113b9c7bdf4793f3f863d248e47d911b355e05ca6b6b10 \
    --hash=sha256:2e83cd2e25bb4edd97b689d9979d9c3acccdaaf26ceac08212ceece202febcfa \
    --hash=sha256:39ef8658aaf67d51667e7bdaf7096f432333377d8302ac43c70b5df8a4cf89b8 \
    --hash=sha256:3d50e5861872935fece391351cbb5ba21d1bced277cf5e1143d207a0a35f1925 \
    --hash=sha256:3e91dcd2549b8f8d843f98ba03a17e01f3d8b72ce942adbbb6761bc58ffce813 \
    --hash=sha256:419e4397a36e2665ec992d8d64c20ba4b2a42500c76ecadeca78a4f19cb9cc32 \
    --hash=sha256:440d30faaf682ca496170a7f0cc5453ec942e3e079f0fd802c9a7f938dfb50a3 \
    --hash=sha256:46b92a9970dcc34f0096901c792644094cab49554ac3547f35e3aebbdf0a3610 \
    --hash=sha256:478b59bb018a6780d73f33e38d0b3ec5e968a6c1ed42876b993dd456b7aa20e8 \
    --hash=sha256:48bee0b91bebfaec41e1081e351000659ab7570cc4598d617aa04d5bf827f9e6 \
    --hash=sha256:4900143d82071bdda533b00300c40b14b963ff826b3642cc463b6dd0f036585e \
    --hash=sha256:4a60f0057231188e3bd30216f7b4e0f279b11fa4ec818bb6c1d9f014d1562fbc \
    --hash=sha256:56227a61fd3d17b0cd9793132431f3a3d07c8654be96794ba9f89fe0fc8b2d09 \
    --hash=sha256:578e6051f6d5e6200c259b47a103cf06bb875ab5814d17333fc0b5c290b22f4c \
    --hash=sha256:593c00dac4e30231c35bf3b4f1da8ec0998762e9e94425586a5d636fcd57f9d0 \
    --hash=sha256:59b3dba758661a318995655435c6ab20a04ade79fa51e75bc8dc107cac8df280 \
    --hash=sha256:5ab449c9abd0d4e1f8145dce0798a4c822a1a1933d613c764a641bea88b8bdab \
    --hash=sha256:5dfa89d78f22cd773054caff44827b846161a29f2dcf7e78b8f90d086621e502 \
    --hash=sha256:649712823f3abcdc48427147a5384fac15623ba435d0013959b52e6462521397 \
    --hash=sha256:667f40fe9c81ad129b198d236881b00dd9e8314d9cc72d03c3e16bdfe5879051 \
    --hash=sha256:6737b35d5af7479c5bf9710f7b17edd9d2c43128d974d25fb4ea653e42c64609 \
    --hash=sha256:67f3f9d2b444268ab53e47d31bab89954888d23c04c6789f2c727e51fe4b1d13 \
    --hash=sha256:7092a216728f80c960bd6b3807275d1ee318b168986bd5dc523349581d4890b8 \
    --hash=sha256:738c96944d076deeaff70e92b65696ab4f7ecb8081d7791c5403a3257dfaf8ff \
    --hash=sha256:77eac0526899b3c3ad1454bb2b03cdb491d67358ec8ef0c9c48bd61b632b431d \
    --hash=sha256:7d5ca9c7832e6879a707296d1463685f7c243a27846227044504741640caec66 \
    --hash=sha256:7e580cb04ad849ae9b786fa21383c6b994b6e6c1444ad1cb9f22392759d72741 \
    --hash=sha256:8166efddea49fdbc61185559f47593239e4794fd7c9044dd5a789d1a90af852d \
    --hash=sha256:823b1b9d9230809d8edcc18872770764bfe8ef4357995e16744047c8ccf0e489 \
    --hash=sha256:88b7d31ff1cc5e9bc0e4406e6b1fa00b6d37163d50bb58091e9b976ff1129faa \
    --hash=sha256:8c90cdf8516d9057e502aa6003cea71cf5ec27cc44699ca52412b502a04761bb \
    --hash=sha256:8ce1d850b3c0178440efde9e884d98421b5e87ff925f364d6d79e23910d7593f \
    --hash=sha256:8f4a8f5cc84c7ad6bffa0e9947b33eb343ad66e6b53e94fe54378a5508c5ed53 \
    --hash=sha256:93d8da883a35116d6813432177f35e570db5b0a5e30ecb0cbd7cb39c815735df \
    --hash=sha256:95d937e74c1a7a1287dfb03b62a827be08ede10a155cf1af73bbf47f2b73ee6e \
    --hash=sha256:9669753caef7fdc6529f6adcc5883ed98d65976445d9322e7dbdb6b697feee13 \
    --hash=sha256:97131ab2be39043054ee28d99e09efe316e6d53449b7e962dfcf3c2de8b2b246 \
    --hash=sha256:97c6d85283629646fa87acc22c66b30ea9d4de7f6fdf887daa2e30fa041829b5 \
    --hash=sha256:9981d38a703b86f0e315a3cd229fd1906fe1d91c989ed121fb975b3c849f89f5 \
    --hash=sha256:9ad37a0be705b544af6296da8edddc260d10a8ae5462530fc9991f66498bb1f9 \
    --hash=sha256:a2ae6f53f99c9a0eca7a0afc5b4e45fc73bc1dd4ac74c00509031d76df80ed98 \
    --hash=sha256:aac0ad28c686a5e72b81668b906c030ee28050b244544b8af68e12fb32543895 \
    --hash=sha256:af3b859726cd3374287e405e14b9634563c078c5531a4f62375508addebddad1 \
    --hash=sha256:af6a90a4ed2a48fa1a2d17e9d824e6c7c950bea5bad0b707c77fd55751e6bfef \
    --hash=sha256:b002c7994cc9f2bc9d9856f0fbaee6e8072c983873846c92f25cefba5b2a925f \
    --hash=sha256:b486b5218808f6f4dc471b114b1054e63553db69705c97da0271f47bd706aedd \
    --hash=sha256:b9c6bd754d11f6e78ac54e3d86b4b11dc1ba2f13e5fc958899574532897f5a99 \
    --hash=sha256:ba10ac57884ce82112f7ed910b67e7fb6072d8ef2c06e30dc63c0f604a112e0e \
    --hash=sha256:bf5018938208d4597b2e679a4f8cff9fd252f1df53583130ae56281a21801b64 \
    --hash=sha256:c0919d1f89ddf91129906705723118ea09754171e4116f5a5dbc667c7bc9b261 \
    --hash=sha256:c5801a89604c65ab4cc9e91b23bc4076d0ca80efd8c976fb63843d7879a85d7f \
    --hash=sha256:c84af70bcf34e99aee894e46a0f1ac77f17d0ef828179c387407642e2466d28a \
    --hash=sha256:cb2829fedd672dd7107267189dabe2bbe07972801d636014417c6861eb89e358 \
    --hash=sha256:d45e06f60729e07d9b20c205f7e5cff90b6ef2584e852eecf46e045aea69627d \
    --hash=sha256:d7ca16637c0ede8243f84074044bd0b2335a0341421f8227c85756de2d18c819 \
    --hash=sha256:d8375e3da319593389727c3187ccaf3e0e84199accc530866b8e0f2b79af05e9 \
    --hash=sha256:dfa552338f51aec280f17b02d28bace1e162d1a84ccd80e3339a57f98aedb56b \
    --hash=sha256:dfef96543ced67d9513a422755db422ae1dc34dade0a1485e0b43e7342ed3ebf \
    --hash=sha256:e012177c8e8a8a0754ae0d6027d63042aa5ff036d9f40f07cb3466a6082e21b8 \
    --hash=sha256:e251126d48615e1f02b4a178f2cd0cd4f0332b8a019c01a2e10480f7552554b4 \
    --hash=sha256:e52da10236aa6212de71b9e170bace65b64b129c0dea7fc243d6c9ce976f5074 \
    --hash=sha256:eacb434410b8d9ca99a8d42352ef085cf423e3c76c1f0b86be2fcba3bff2952c \
    --hash=sha256:ebd8fd343bf8492a1e60bcb6dc99f90f74f65d98d8241a6b3e1fed225b76ecd6 \
    --hash=sha256:f0b2af76b7e7060c09e1a0dfa9410eb19369cbe6164509bff2ef94094b54d2b6 \
    --hash=sha256:f2073495a7f9b75e57e600747ac09510d67683fd64d3228e009740b7ef88f9fe \
    --hash=sha256:f4c1bca487a17fe4226b4ffb2d30e799d2b274d692cffa76bd0746f56235fca3 \
    --hash=sha256:f9fff308486bbd2c8c24f25e8e152c7594d3fe8db265a2d6a1ce24d58671127f \
    --hash=sha256:fbf1b8bb2695415b347f3727da1addca2acb82c9b97ac86bebf8b1bead1eb12d \
    --hash=sha256:feedf219672eef83ea6be6f3bb093bba396a8560fc75be85ba225f082903df0a
    # via jiwer
regex==2025.7.34 \
    --hash=sha256:0200a5150c4cf61e407038f4b4d5cdad13e86345dac29ff9dab3d75d905cf130 \
    --hash=sha256:02e5860a250cd350c4933cf376c3bc9cb28948e2c96a8bc042aee7b985cfa26f \
    --hash=sha256:075641c94126b064c65ab86e7e71fc3d63e7ff1bea1fb794f0773c97cdad3a03 \
    --hash=sha256:0a5966220b9a1a88691282b7e4350e9599cf65780ca60d914a798cb791aa1177 \
    --hash=sha256:0b85241d3cfb9f8a13cefdfbd58a2843f208f2ed2c88181bf84e22e0c7fc066d \
    --hash=sha256:1a764a83128af9c1a54be81485b34dca488cbcacefe1e1d543ef11fbace191e1 \
    --hash=sha256:1e4f4f62599b8142362f164ce776f19d79bdd21273e86920a7b604a4275b4f59 \
    --hash=sha256:20ff8433fa45e131f7316594efe24d4679c5449c0ca69d91c2f9d21846fdf064 \
    --hash=sha256:24257953d5c1d6d3c129ab03414c07fc1a47833c9165d49b954190b2b7f21a1a \
    --hash=sha256:2d15a9da5fad793e35fb7be74eec450d968e05d2e294f3e0e77ab03fa7234a83 \
    --hash=sha256:3157aa512b9e606586900888cd469a444f9b898ecb7f8931996cb715f77477f0 \
    --hash=sha256:32b9f9bcf0f605eb094b08e8da72e44badabb63dde6b83bd530580b488d1c6da \
    --hash=sha256:33be70d75fa05a904ee0dc43b650844e067d14c849df7e82ad673541cd465b5f \
    --hash=sha256:35e43ebf5b18cd751ea81455b19acfdec402e82fe0dc6143edfae4c5c4b3909a \
    --hash=sha256:37555e4ae0b93358fa7c2d240a4291d4a4227cc7c607d8f85596cdb08ec0a083 \
    --hash=sha256:3b836eb4a95526b263c2a3359308600bd95ce7848ebd3c29af0c37c4f9627cd3 \
    --hash=sha256:4494f8fd95a77eb434039ad8460e64d57baa0434f1395b7da44015bef650d0e4 \
    --hash=sha256:469142fb94a869beb25b5f18ea87646d21def10fbacb0bcb749224f3509476f0 \
    --hash=sha256:48fb045bbd4aab2418dc1ba2088a5e32de4bfe64e1457b948bb328a8dc2f1c2e \
    --hash=sha256:4913f52fbc7a744aaebf53acd8d3dc1b519e46ba481d4d7596de3c862e011ada \
    --hash=sha256:4b7dc33b9b48fb37ead12ffc7bdb846ac72f99a80373c4da48f64b373a7abeae \
    --hash=sha256:4b8c4d39f451e64809912c82392933d80fe2e4a87eeef8859fcc5380d0173c64 \
    --hash=sha256:4f42b522259c66e918a0121a12429b2abcf696c6f967fa37bdc7b72e61469f98 \
    --hash=sha256:4fef81b2f7ea6a2029161ed6dea9ae13834c28eb5a95b8771828194a026621e4 \
    --hash=sha256:524c868ba527eab4e8744a9287809579f54ae8c62fbf07d62aacd89f6026b282 \
    --hash=sha256:57d25b6732ea93eeb1d090e8399b6235ca84a651b52d52d272ed37d3d2efa0f1 \
    --hash=sha256:5d7de1ceed5a5f84f342ba4a9f4ae589524adf9744b2ee61b5da884b5b659834 \
    --hash=sha256:6164b1d99dee1dfad33f301f174d8139d4368a9fb50bf0a3603b2eaf579963ad \
    --hash=sha256:656433e5b7dccc9bc0da6312da8eb897b81f5e560321ec413500e5367fcd5d47 \
    --hash=sha256:69c593ff5a24c0d5c1112b0df9b09eae42b33c014bdca7022d6523b210b69f72 \
    --hash=sha256:69ed3bc611540f2ea70a4080f853741ec698be556b1df404599f8724690edbcd \
    --hash=sha256:6c053f9647e3421dd2f5dff8172eb7b4eec129df9d1d2f7133a4386319b47435 \
    --hash=sha256:6cef962d7834437fe8d3da6f9bfc6f93f20f218266dcefec0560ed7765f5fe01 \
    --hash=sha256:70645cad3407d103d1dbcb4841839d2946f7d36cf38acbd40120fee1682151e5 \
    --hash=sha256:716a47515ba1d03f8e8a61c5013041c8c90f2e21f055203498105d7571b44531 \
    --hash=sha256:72a26dcc6a59c057b292f39d41465d8233a10fd69121fa24f8f43ec6294e5415 \
    --hash=sha256:7373afae7cfb716e3b8e15d0184510d518f9d21471f2d62918dbece85f2c588f \
    --hash=sha256:739a74970e736df0773788377969c9fea3876c2fc13d0563f98e5503e5185f46 \
    --hash=sha256:7bf1c5503a9f2cbd2f52d7e260acb3131b07b6273c470abb78568174fe6bde3f \
    --hash=sha256:7f7211a746aced993bef487de69307a38c5ddd79257d7be83f7b202cb59ddb50 \
    --hash=sha256:8283afe7042d8270cecf27cca558873168e771183d4d593e3c5fe5f12402212a \
    --hash=sha256:85c3a958ef8b3d5079c763477e1f09e89d13ad22198a37e9d7b26b4b17438b33 \
    --hash=sha256:89c9504fc96268e8e74b0283e548f53a80c421182a2007e3365805b74ceef936 \
    --hash=sha256:95b4639c77d414efa93c8de14ce3f7965a94d007e068a94f9d4997bb9bd9c81f \
    --hash=sha256:95d538b10eb4621350a54bf14600cc80b514211d91a019dc74b8e23d2159ace5 \
    --hash=sha256:96bbae4c616726f4661fe7bcad5952e10d25d3c51ddc388189d8864fbc1b3c68 \
    --hash=sha256:98d0ce170fcde1a03b5df19c5650db22ab58af375aaa6ff07978a85c9f250f0e \
    --hash=sha256:9960d162f3fecf6af252534a1ae337e9c2e20d74469fed782903b24e2cc9d3d7 \
    --hash=sha256:9a9ab52a466a9b4b91564437b36417b76033e8778e5af8f36be835d8cb370d62 \
    --hash=sha256:9d644de5520441e5f7e2db63aec2748948cc39ed4d7a87fd5db578ea4043d997 \
    --hash=sha256:9ead9765217afd04a86822dfcd4ed2747dfe426e887da413b15ff0ac2457e21a \
    --hash=sha256:9feab78a1ffa4f2b1e27b1bcdaad36f48c2fed4870264ce32f52a393db093c78 \
    --hash=sha256:a16dd56bbcb7d10e62861c3cd000290ddff28ea142ffb5eb3470f183628011ac \
    --hash=sha256:a664291c31cae9c4a30589bd8bc2ebb56ef880c9c6264cb7643633831e606a4d \
    --hash=sha256:aaef1f056d96a0a5d53ad47d019d5b4c66fe4be2da87016e0d43b7242599ffc7 \
    --hash=sha256:baf2fe122a3db1c0b9f161aa44463d8f7e33eeeda47bb0309923deb743a18276 \
    --hash=sha256:bca11d3c38a47c621769433c47f364b44e8043e0de8e482c5968b20ab90a3986 \
    --hash=sha256:c1844be23cd40135b3a5a4dd298e1e0c0cb36757364dd6cdc6025770363e06c1 \
    --hash=sha256:c3c9740a77aeef3f5e3aaab92403946a8d34437db930a0280e7e81ddcada61f5 \
    --hash=sha256:c436fd1e95c04c19039668cfb548450a37c13f051e8659f40aed426e36b3765f \
    --hash=sha256:c7f663ccc4093877f55b51477522abd7299a14c5bb7626c5238599db6a0cb95d \
    --hash=sha256:c83aec91af9c6fbf7c743274fd952272403ad9a9db05fe9bfc9df8d12b45f176 \
    --hash=sha256:cbe1698e5b80298dbce8df4d8d1182279fbdaf1044e864cbc9d53c20e4a2be77 \
    --hash=sha256:cbfaa401d77334613cf434f723c7e8ba585df162be76474bccc53ae4e5520b3a \
    --hash=sha256:d03c6f9dcd562c56527c42b8530aad93193e0b3254a588be1f2ed378cdfdea1b \
    --hash=sha256:d428fc7731dcbb4e2ffe43aeb8f90775ad155e7db4347a639768bc6cd2df881a \
    --hash=sha256:d5273fddf7a3e602695c92716c420c377599ed3c853ea669c1fe26218867002f \
    --hash=sha256:d600e58ee6d036081c89696d2bdd55d507498a7180df2e19945c6642fac59588 \
    --hash=sha256:d72765a4bff8c43711d5b0f5b452991a9947853dfa471972169b3cc0ba1d0751 \
    --hash=sha256:d856164d25e2b3b07b779bfed813eb4b6b6ce73c2fd818d46f47c1eb5cd79bd6 \
    --hash=sha256:da304313761b8500b8e175eb2040c4394a875837d5635f6256d6fa0377ad32c8 \
    --hash=sha256:da7507d083ee33ccea1310447410c27ca11fb9ef18c95899ca57ff60a7e4d8f1 \
    --hash=sha256:dde35e2afbbe2272f8abee3b9fe6772d9b5a07d82607b5788e8508974059925c \
    --hash=sha256:e154a7ee7fa18333ad90b20e16ef84daaeac61877c8ef942ec8dfa50dc38b7a1 \
    --hash=sha256:e4636a7f3b65a5f340ed9ddf53585c42e3ff37101d383ed321bfe5660481744b \
    --hash=sha256:e91eb2c62c39705e17b4d42d4b86c4e86c884c0d15d9c5a47d0835f8387add8e \
    --hash=sha256:ea74cf81fe61a7e9d77989050d0089a927ab758c29dac4e8e1b6c06fccf3ebf0 \
    --hash=sha256:ee38926f31f1aa61b0232a3a11b83461f7807661c062df9eb88769d86e6195c3 \
    --hash=sha256:efac4db9e044d47fd3b6b0d40b6708f4dfa2d8131a5ac1d604064147c0f552fd \
    --hash=sha256:f14b36e6d4d07f1a5060f28ef3b3561c5d95eb0651741474ce4c0a4c56ba8719 \
    --hash=sha256:f3e5c1e0925e77ec46ddc736b756a6da50d4df4ee3f69536ffb2373460e2dafd \
    --hash=sha256:f3f6e8e7af516a7549412ce57613e859c3be27d55341a894aacaa11703a4c31a \
    --hash=sha256:f7f3071b5faa605b0ea51ec4bb3ea7257277446b053f4fd3ad02b1dcb4e64353 \
    --hash=sha256:f978ddfb6216028c8f1d6b0f7ef779949498b64117fc35a939022f67f810bdcb \
    --hash=sha256:fa1cdfb8db96ef20137de5587954c812821966c3e8b48ffc871e22d7ec0a4938 \
    --hash=sha256:fb31080f2bd0681484b275461b202b5ad182f52c9ec606052020fe13eb13a72f \
    --hash=sha256:fd5edc3f453de727af267c7909d083e19f6426fc9dd149e332b6034f2a5611e6
    # via -r training/speech/requirements-evaluation.txt
typing-extensions==4.16.0 \
    --hash=sha256:481caa481374e813c1b176ada14e97f1f67a4539ce9cfeb3f350d78d6370c2e8 \
    --hash=sha256:dc983d19a509c94dba722ee6abd33940f7c05a89e243c47e907eb4db6f1a43e5
    # via anyio
